
Microsoft Visual Studio Solution File, Format Version 12.00
# Visual Studio Version 17
VisualStudioVersion = 17.0.31903.59
MinimumVisualStudioVersion = 10.0.40219.1
Project("{2150E333-8FDC-42A3-9474-1A3956D46DE8}") = "backend", "backend", "{30D68E49-9C39-4CE1-9636-E1299A0A7C42}"
EndProject
Project("{2150E333-8FDC-42A3-9474-1A3956D46DE8}") = "shared", "shared", "{43972645-7DDA-4FF8-A53B-0332F9A3455A}"
EndProject
Project("{FAE04EC0-301F-11D3-BF4B-00C04F79EFBC}") = "BuildingBlocks", "backend\shared\BuildingBlocks\BuildingBlocks.csproj", "{F5CFCF6D-4C9F-42DA-8A04-BCA528A3A328}"
EndProject
Project("{FAE04EC0-301F-11D3-BF4B-00C04F79EFBC}") = "Domain", "backend\shared\Domain\Domain.csproj", "{4FF82BF9-DB86-4974-98F9-B1B47D0D6E29}"
EndProject
Project("{FAE04EC0-301F-11D3-BF4B-00C04F79EFBC}") = "Application", "backend\shared\Application\Application.csproj", "{44DB40AD-5BA0-4DFA-824B-EFE0408FFB98}"
EndProject
Project("{FAE04EC0-301F-11D3-BF4B-00C04F79EFBC}") = "Infrastructure", "backend\shared\Infrastructure\Infrastructure.csproj", "{33A7B5BC-EEC4-452F-8FD9-40C8DE2061B7}"
EndProject
Project("{2150E333-8FDC-42A3-9474-1A3956D46DE8}") = "admin-api", "admin-api", "{9CE22FD4-FAAA-4A84-AB2B-7AB25AD61C18}"
EndProject
Project("{FAE04EC0-301F-11D3-BF4B-00C04F79EFBC}") = "AdminApi", "backend\admin-api\AdminApi\AdminApi.csproj", "{645BB419-E47B-4CE8-BD81-3BAFD133A24C}"
EndProject
Project("{2150E333-8FDC-42A3-9474-1A3956D46DE8}") = "consumer-api", "consumer-api", "{8DC1FD17-78F8-4549-8FB5-E2AB8F98167B}"
EndProject
Project("{FAE04EC0-301F-11D3-BF4B-00C04F79EFBC}") = "ConsumerApi", "backend\consumer-api\ConsumerApi\ConsumerApi.csproj", "{969A2E58-E5D8-4806-92A7-2F51C575A854}"
EndProject
Project("{2150E333-8FDC-42A3-9474-1A3956D46DE8}") = "provider-api", "provider-api", "{A50A3BEC-F238-4100-8F8B-735D416E034C}"
EndProject
Project("{FAE04EC0-301F-11D3-BF4B-00C04F79EFBC}") = "ProviderApi", "backend\provider-api\ProviderApi\ProviderApi.csproj", "{754FA0B7-9253-48CD-86B3-86113363A891}"
EndProject
Project("{2150E333-8FDC-42A3-9474-1A3956D46DE8}") = "tests", "tests", "{0D8EBA75-0215-408B-89CE-5B0D54369201}"
EndProject
Project("{FAE04EC0-301F-11D3-BF4B-00C04F79EFBC}") = "Identity.Tests", "backend\tests\Identity.Tests\Identity.Tests.csproj", "{FFF6949B-86C4-4449-8DF7-19523F806385}"
EndProject
Project("{2150E333-8FDC-42A3-9474-1A3956D46DE8}") = "tests", "tests", "{17316A1A-CD99-4390-86B6-64BE89CFECB7}"
EndProject
Project("{FAE04EC0-301F-11D3-BF4B-00C04F79EFBC}") = "Catalog.Tests", "backend\tests\Catalog.Tests\Catalog.Tests.csproj", "{8FFFE94A-42D2-465A-82DD-8080D9A36F6B}"
EndProject
Project("{FAE04EC0-301F-11D3-BF4B-00C04F79EFBC}") = "CustomerManagement.Tests", "backend\tests\CustomerManagement.Tests\CustomerManagement.Tests.csproj", "{B40E9075-B419-439E-A3AD-844EE4D978AB}"
EndProject
Project("{FAE04EC0-301F-11D3-BF4B-00C04F79EFBC}") = "Performance.Tests", "backend\tests\Performance.Tests\Performance.Tests.csproj", "{446FDAA1-F794-4322-B4D5-C3153A003DED}"
EndProject
Global
	GlobalSection(SolutionConfigurationPlatforms) = preSolution
		Debug|Any CPU = Debug|Any CPU
		Release|Any CPU = Release|Any CPU
	EndGlobalSection
	GlobalSection(SolutionProperties) = preSolution
		HideSolutionNode = FALSE
	EndGlobalSection
	GlobalSection(ProjectConfigurationPlatforms) = postSolution
		{F5CFCF6D-4C9F-42DA-8A04-BCA528A3A328}.Debug|Any CPU.ActiveCfg = Debug|Any CPU
		{F5CFCF6D-4C9F-42DA-8A04-BCA528A3A328}.Debug|Any CPU.Build.0 = Debug|Any CPU
		{F5CFCF6D-4C9F-42DA-8A04-BCA528A3A328}.Release|Any CPU.ActiveCfg = Release|Any CPU
		{F5CFCF6D-4C9F-42DA-8A04-BCA528A3A328}.Release|Any CPU.Build.0 = Release|Any CPU
		{4FF82BF9-DB86-4974-98F9-B1B47D0D6E29}.Debug|Any CPU.ActiveCfg = Debug|Any CPU
		{4FF82BF9-DB86-4974-98F9-B1B47D0D6E29}.Debug|Any CPU.Build.0 = Debug|Any CPU
		{4FF82BF9-DB86-4974-98F9-B1B47D0D6E29}.Release|Any CPU.ActiveCfg = Release|Any CPU
		{4FF82BF9-DB86-4974-98F9-B1B47D0D6E29}.Release|Any CPU.Build.0 = Release|Any CPU
		{44DB40AD-5BA0-4DFA-824B-EFE0408FFB98}.Debug|Any CPU.ActiveCfg = Debug|Any CPU
		{44DB40AD-5BA0-4DFA-824B-EFE0408FFB98}.Debug|Any CPU.Build.0 = Debug|Any CPU
		{44DB40AD-5BA0-4DFA-824B-EFE0408FFB98}.Release|Any CPU.ActiveCfg = Release|Any CPU
		{44DB40AD-5BA0-4DFA-824B-EFE0408FFB98}.Release|Any CPU.Build.0 = Release|Any CPU
		{33A7B5BC-EEC4-452F-8FD9-40C8DE2061B7}.Debug|Any CPU.ActiveCfg = Debug|Any CPU
		{33A7B5BC-EEC4-452F-8FD9-40C8DE2061B7}.Debug|Any CPU.Build.0 = Debug|Any CPU
		{33A7B5BC-EEC4-452F-8FD9-40C8DE2061B7}.Release|Any CPU.ActiveCfg = Release|Any CPU
		{33A7B5BC-EEC4-452F-8FD9-40C8DE2061B7}.Release|Any CPU.Build.0 = Release|Any CPU
		{645BB419-E47B-4CE8-BD81-3BAFD133A24C}.Debug|Any CPU.ActiveCfg = Debug|Any CPU
		{645BB419-E47B-4CE8-BD81-3BAFD133A24C}.Debug|Any CPU.Build.0 = Debug|Any CPU
		{645BB419-E47B-4CE8-BD81-3BAFD133A24C}.Release|Any CPU.ActiveCfg = Release|Any CPU
		{645BB419-E47B-4CE8-BD81-3BAFD133A24C}.Release|Any CPU.Build.0 = Release|Any CPU
		{969A2E58-E5D8-4806-92A7-2F51C575A854}.Debug|Any CPU.ActiveCfg = Debug|Any CPU
		{969A2E58-E5D8-4806-92A7-2F51C575A854}.Debug|Any CPU.Build.0 = Debug|Any CPU
		{969A2E58-E5D8-4806-92A7-2F51C575A854}.Release|Any CPU.ActiveCfg = Release|Any CPU
		{969A2E58-E5D8-4806-92A7-2F51C575A854}.Release|Any CPU.Build.0 = Release|Any CPU
		{FFF6949B-86C4-4449-8DF7-19523F806385}.Debug|Any CPU.ActiveCfg = Debug|Any CPU
		{FFF6949B-86C4-4449-8DF7-19523F806385}.Debug|Any CPU.Build.0 = Debug|Any CPU
		{FFF6949B-86C4-4449-8DF7-19523F806385}.Release|Any CPU.ActiveCfg = Release|Any CPU
		{FFF6949B-86C4-4449-8DF7-19523F806385}.Release|Any CPU.Build.0 = Release|Any CPU
		{8FFFE94A-42D2-465A-82DD-8080D9A36F6B}.Debug|Any CPU.ActiveCfg = Debug|Any CPU
		{8FFFE94A-42D2-465A-82DD-8080D9A36F6B}.Debug|Any CPU.Build.0 = Debug|Any CPU
		{8FFFE94A-42D2-465A-82DD-8080D9A36F6B}.Release|Any CPU.ActiveCfg = Release|Any CPU
		{8FFFE94A-42D2-465A-82DD-8080D9A36F6B}.Release|Any CPU.Build.0 = Release|Any CPU
		{B40E9075-B419-439E-A3AD-844EE4D978AB}.Debug|Any CPU.ActiveCfg = Debug|Any CPU
		{B40E9075-B419-439E-A3AD-844EE4D978AB}.Debug|Any CPU.Build.0 = Debug|Any CPU
		{B40E9075-B419-439E-A3AD-844EE4D978AB}.Release|Any CPU.ActiveCfg = Release|Any CPU
		{B40E9075-B419-439E-A3AD-844EE4D978AB}.Release|Any CPU.Build.0 = Release|Any CPU
		{754FA0B7-9253-48CD-86B3-86113363A891}.Debug|Any CPU.ActiveCfg = Debug|Any CPU
		{754FA0B7-9253-48CD-86B3-86113363A891}.Debug|Any CPU.Build.0 = Debug|Any CPU
		{754FA0B7-9253-48CD-86B3-86113363A891}.Release|Any CPU.ActiveCfg = Release|Any CPU
		{754FA0B7-9253-48CD-86B3-86113363A891}.Release|Any CPU.Build.0 = Release|Any CPU
		{446FDAA1-F794-4322-B4D5-C3153A003DED}.Debug|Any CPU.ActiveCfg = Debug|Any CPU
		{446FDAA1-F794-4322-B4D5-C3153A003DED}.Debug|Any CPU.Build.0 = Debug|Any CPU
		{446FDAA1-F794-4322-B4D5-C3153A003DED}.Release|Any CPU.ActiveCfg = Release|Any CPU
		{446FDAA1-F794-4322-B4D5-C3153A003DED}.Release|Any CPU.Build.0 = Release|Any CPU
	EndGlobalSection
	GlobalSection(NestedProjects) = preSolution
		{43972645-7DDA-4FF8-A53B-0332F9A3455A} = {30D68E49-9C39-4CE1-9636-E1299A0A7C42}
		{F5CFCF6D-4C9F-42DA-8A04-BCA528A3A328} = {43972645-7DDA-4FF8-A53B-0332F9A3455A}
		{4FF82BF9-DB86-4974-98F9-B1B47D0D6E29} = {43972645-7DDA-4FF8-A53B-0332F9A3455A}
		{44DB40AD-5BA0-4DFA-824B-EFE0408FFB98} = {43972645-7DDA-4FF8-A53B-0332F9A3455A}
		{33A7B5BC-EEC4-452F-8FD9-40C8DE2061B7} = {43972645-7DDA-4FF8-A53B-0332F9A3455A}
		{9CE22FD4-FAAA-4A84-AB2B-7AB25AD61C18} = {30D68E49-9C39-4CE1-9636-E1299A0A7C42}
		{645BB419-E47B-4CE8-BD81-3BAFD133A24C} = {9CE22FD4-FAAA-4A84-AB2B-7AB25AD61C18}
		{8DC1FD17-78F8-4549-8FB5-E2AB8F98167B} = {30D68E49-9C39-4CE1-9636-E1299A0A7C42}
		{969A2E58-E5D8-4806-92A7-2F51C575A854} = {8DC1FD17-78F8-4549-8FB5-E2AB8F98167B}
		{A50A3BEC-F238-4100-8F8B-735D416E034C} = {30D68E49-9C39-4CE1-9636-E1299A0A7C42}
		{754FA0B7-9253-48CD-86B3-86113363A891} = {A50A3BEC-F238-4100-8F8B-735D416E034C}
		{0D8EBA75-0215-408B-89CE-5B0D54369201} = {30D68E49-9C39-4CE1-9636-E1299A0A7C42}
		{FFF6949B-86C4-4449-8DF7-19523F806385} = {0D8EBA75-0215-408B-89CE-5B0D54369201}
		{8FFFE94A-42D2-465A-82DD-8080D9A36F6B} = {17316A1A-CD99-4390-86B6-64BE89CFECB7}
		{B40E9075-B419-439E-A3AD-844EE4D978AB} = {0D8EBA75-0215-408B-89CE-5B0D54369201}
		{446FDAA1-F794-4322-B4D5-C3153A003DED} = {0D8EBA75-0215-408B-89CE-5B0D54369201}
	EndGlobalSection
EndGlobal
